
Microsoft Visual Studio Solution File, Format Version 12.00
# Visual Studio Version 17
VisualStudioVersion = 17.10.35013.160
MinimumVisualStudioVersion = 10.0.40219.1
Project("{FAE04EC0-301F-11D3-BF4B-00C04F79EFBC}") = "fnPostDataStorage", "fnPostDataStorage\fnPostDataStorage.csproj", "{C61EC12A-7818-4AD1-BA48-B73CE306AB9C}"
EndProject
Global
	GlobalSection(SolutionConfigurationPlatforms) = preSolution
		Debug|Any CPU = Debug|Any CPU
		Release|Any CPU = Release|Any CPU
	EndGlobalSection
	GlobalSection(ProjectConfigurationPlatforms) = postSolution
		{C61EC12A-7818-4AD1-BA48-B73CE306AB9C}.Debug|Any CPU.ActiveCfg = Debug|Any CPU
		{C61EC12A-7818-4AD1-BA48-B73CE306AB9C}.Debug|Any CPU.Build.0 = Debug|Any CPU
		{C61EC12A-7818-4AD1-BA48-B73CE306AB9C}.Release|Any CPU.ActiveCfg = Release|Any CPU
		{C61EC12A-7818-4AD1-BA48-B73CE306AB9C}.Release|Any CPU.Build.0 = Release|Any CPU
	EndGlobalSection
	GlobalSection(SolutionProperties) = preSolution
		HideSolutionNode = FALSE
	EndGlobalSection
	GlobalSection(ExtensibilityGlobals) = postSolution
		SolutionGuid = {5389D489-C7C5-4068-8767-7BBE74A750A5}
	EndGlobalSection
EndGlobal
